
Microsoft Visual Studio Solution File, Format Version 12.00
# Visual Studio 2012
Project("{FAE04EC0-301F-11D3-BF4B-00C04F79EFBC}") = "ZHBB", "ZHBB\ZHBB.csproj", "{7EFC2411-6A3B-4A8F-A926-B322972012AA}"
EndProject
Project("{FAE04EC0-301F-11D3-BF4B-00C04F79EFBC}") = "MyUI", "..\MyUI\MyUI.csproj", "{6EF6DD55-27DB-4E1E-B916-6C4430AA7B97}"
EndProject
Global
	GlobalSection(SolutionConfigurationPlatforms) = preSolution
		Debug|Any CPU = Debug|Any CPU
		Release|Any CPU = Release|Any CPU
	EndGlobalSection
	GlobalSection(ProjectConfigurationPlatforms) = postSolution
		{7EFC2411-6A3B-4A8F-A926-B322972012AA}.Debug|Any CPU.ActiveCfg = Debug|Any CPU
		{7EFC2411-6A3B-4A8F-A926-B322972012AA}.Debug|Any CPU.Build.0 = Debug|Any CPU
		{7EFC2411-6A3B-4A8F-A926-B322972012AA}.Release|Any CPU.ActiveCfg = Release|Any CPU
		{7EFC2411-6A3B-4A8F-A926-B322972012AA}.Release|Any CPU.Build.0 = Release|Any CPU
		{6EF6DD55-27DB-4E1E-B916-6C4430AA7B97}.Debug|Any CPU.ActiveCfg = Debug|Any CPU
		{6EF6DD55-27DB-4E1E-B916-6C4430AA7B97}.Debug|Any CPU.Build.0 = Debug|Any CPU
		{6EF6DD55-27DB-4E1E-B916-6C4430AA7B97}.Release|Any CPU.ActiveCfg = Release|Any CPU
		{6EF6DD55-27DB-4E1E-B916-6C4430AA7B97}.Release|Any CPU.Build.0 = Release|Any CPU
	EndGlobalSection
	GlobalSection(SolutionProperties) = preSolution
		HideSolutionNode = FALSE
	EndGlobalSection
	GlobalSection(Performance) = preSolution
		HasPerformanceSessions = true
	EndGlobalSection
EndGlobal
